# THIS IS AN AUTOGENERATED FILE. DO NOT EDIT THIS FILE DIRECTLY.
# yarn lockfile v1


create-next-app@^14.0.2:
  version "14.0.2"
  resolved "https://registry.yarnpkg.com/create-next-app/-/create-next-app-14.0.2.tgz#3a24e13ed539c3cdc0f7a9d05b077e0c033b2f4b"
  integrity sha512-SKUp78AdtBu2Ccrlf9c0hc4HFJtlkFW5x8EEbxP/2f3vopEDQkAjcWZdJv5/4Y3KaU2+WC1V2jXm11wvOTZbsw==
